# This file was autogenerated by Stack.
# You should not edit this file by hand.
# For more information, please see the documentation at:
#   https://docs.haskellstack.org/en/stable/lock_files

packages:
- completed:
    name: proteaaudio
    pantry-tree:
      sha256: e3ac426555746658d942a8601b23a8070166f3c7c725a5af095037ee91a07f00
      size: 2115
    sha256: 99e592e80ce64131279fff1d310a70a32461fa9cfac6a2811d90445ad283ed8b
    size: 242431
    subdir: proteaaudio
    url: https://github.com/csabahruska/proteaaudio/archive/aa482067333b01361cc370571c900b76e2267fbb.tar.gz
    version: 1.0.0
  original:
    subdir: proteaaudio
    url: https://github.com/csabahruska/proteaaudio/archive/aa482067333b01361cc370571c900b76e2267fbb.tar.gz
- completed:
    hackage: gloss-juicy-0.2.3@sha256:0c3bca95237cbf91f8b3b1936a0661f1e0457acd80502276d54d6c5210f88b25,1618
    pantry-tree:
      sha256: 914c08509bc3da4707d90e542b44833ca1a62abc83c2848f87df3d7a7a1d7e03
      size: 273
  original:
    hackage: gloss-juicy-0.2.3
snapshots:
- completed:
    sha256: 350737ef1c4c748f4c7ff56b6e74f2f6d15039a2f148662a8ec1aded016b80d0
    size: 640033
    url: https://raw.githubusercontent.com/commercialhaskell/stackage-snapshots/master/lts/21/15.yaml
  original:
    url: https://raw.githubusercontent.com/commercialhaskell/stackage-snapshots/master/lts/21/15.yaml
